
Microsoft Visual Studio Solution File, Format Version 12.00
# Visual Studio Version 17
VisualStudioVersion = 17.13.35818.85 d17.13
MinimumVisualStudioVersion = 10.0.40219.1
Project("{8BC9CEB8-8B4A-11D0-8D11-00A0C91BC942}") = "digitCounter-Divider", "digitCounter-Divider.vcxproj", "{ACF515B2-FC2B-4E6C-AFAE-2BF166C6A960}"
EndProject
Global
	GlobalSection(SolutionConfigurationPlatforms) = preSolution
		Debug|x64 = Debug|x64
		Debug|x86 = Debug|x86
		Release|x64 = Release|x64
		Release|x86 = Release|x86
	EndGlobalSection
	GlobalSection(ProjectConfigurationPlatforms) = postSolution
		{ACF515B2-FC2B-4E6C-AFAE-2BF166C6A960}.Debug|x64.ActiveCfg = Debug|x64
		{ACF515B2-FC2B-4E6C-AFAE-2BF166C6A960}.Debug|x64.Build.0 = Debug|x64
		{ACF515B2-FC2B-4E6C-AFAE-2BF166C6A960}.Debug|x86.ActiveCfg = Debug|Win32
		{ACF515B2-FC2B-4E6C-AFAE-2BF166C6A960}.Debug|x86.Build.0 = Debug|Win32
		{ACF515B2-FC2B-4E6C-AFAE-2BF166C6A960}.Release|x64.ActiveCfg = Release|x64
		{ACF515B2-FC2B-4E6C-AFAE-2BF166C6A960}.Release|x64.Build.0 = Release|x64
		{ACF515B2-FC2B-4E6C-AFAE-2BF166C6A960}.Release|x86.ActiveCfg = Release|Win32
		{ACF515B2-FC2B-4E6C-AFAE-2BF166C6A960}.Release|x86.Build.0 = Release|Win32
	EndGlobalSection
	GlobalSection(SolutionProperties) = preSolution
		HideSolutionNode = FALSE
	EndGlobalSection
	GlobalSection(ExtensibilityGlobals) = postSolution
		SolutionGuid = {7C1CD8F8-031C-4B5B-8EFC-F81E1BA65DB0}
	EndGlobalSection
EndGlobal
